
Microsoft Visual Studio Solution File, Format Version 12.00
# Visual Studio Version 17
VisualStudioVersion = 17.14.36202.13 d17.14
MinimumVisualStudioVersion = 10.0.40219.1
Project("{FAE04EC0-301F-11D3-BF4B-00C04F79EFBC}") = "ASP", "ASP\ASP.csproj", "{517985BA-8E4F-4475-91A0-00E103CC702D}"
EndProject
Global
	GlobalSection(SolutionConfigurationPlatforms) = preSolution
		Debug|Any CPU = Debug|Any CPU
		Release|Any CPU = Release|Any CPU
	EndGlobalSection
	GlobalSection(ProjectConfigurationPlatforms) = postSolution
		{517985BA-8E4F-4475-91A0-00E103CC702D}.Debug|Any CPU.ActiveCfg = Debug|Any CPU
		{517985BA-8E4F-4475-91A0-00E103CC702D}.Debug|Any CPU.Build.0 = Debug|Any CPU
		{517985BA-8E4F-4475-91A0-00E103CC702D}.Release|Any CPU.ActiveCfg = Release|Any CPU
		{517985BA-8E4F-4475-91A0-00E103CC702D}.Release|Any CPU.Build.0 = Release|Any CPU
	EndGlobalSection
	GlobalSection(SolutionProperties) = preSolution
		HideSolutionNode = FALSE
	EndGlobalSection
	GlobalSection(ExtensibilityGlobals) = postSolution
		SolutionGuid = {FF8058B4-9C60-413A-8682-7526D2FAAE86}
	EndGlobalSection
EndGlobal
